{
  "nodes": {
    "dotfiles": {
      "flake": false,
      "locked": {
        "lastModified": 1,
        "narHash": "sha256-XbslHsWSP0xezZOT1NM0587/x/2lc5fRCYwKkbzL9iQ=",
        "path": "./dotfiles",
        "type": "path"
      },
      "original": {
        "path": "./dotfiles",
        "type": "path"
      }
    },
    "hardware": {
      "locked": {
        "lastModified": 1662714967,
        "narHash": "sha256-IOTq5tAGGmBFj7tQbkcyLE261JUeTUucEE3p0WLZ4qM=",
        "owner": "NixOS",
        "repo": "nixos-hardware",
        "rev": "1fec8fda86dac5701146c77d5f8a414b14ed1ff6",
        "type": "github"
      },
      "original": {
        "owner": "NixOS",
        "repo": "nixos-hardware",
        "type": "github"
      }
    },
    "home-manager": {
      "inputs": {
        "nixpkgs": [
          "nixpkgs"
        ],
        "utils": "utils"
      },
      "locked": {
        "lastModified": 1662759269,
        "narHash": "sha256-lt8bAfEZudCQb+MxoNKmenhMTXhu3RCCyLYxU9t5FFk=",
        "owner": "nix-community",
        "repo": "home-manager",
        "rev": "9f7fe353b613d0e45d7a5cdbd1f13c96c15803dd",
        "type": "github"
      },
      "original": {
        "owner": "nix-community",
        "ref": "master",
        "repo": "home-manager",
        "type": "github"
      }
    },
    "impermanence": {
      "locked": {
        "lastModified": 1661933071,
        "narHash": "sha256-RFgfzldpbCvS+H2qwH+EvNejvqs+NhPVD5j1I7HQQPY=",
        "owner": "nix-community",
        "repo": "impermanence",
        "rev": "def994adbdfc28974e87b0e4c949e776207d5557",
        "type": "github"
      },
      "original": {
        "owner": "nix-community",
        "repo": "impermanence",
        "type": "github"
      }
    },
    "nix-index": {
      "locked": {
        "lastModified": 1662265946,
        "narHash": "sha256-K75Wj4K8KKznDKZynYBXV9zODAKjENiblu8Bf+yzdRM=",
        "owner": "Mic92",
        "repo": "nix-index-database",
        "rev": "9885dc5874238f74098c0a8bcb59cdaaec4040ac",
        "type": "github"
      },
      "original": {
        "owner": "Mic92",
        "repo": "nix-index-database",
        "type": "github"
      }
    },
    "nixpkgs": {
      "locked": {
        "lastModified": 1662732537,
        "narHash": "sha256-iqxa+38SRU+SwNsKDyP8rZt79yPFGSgTe+K4Ujbb/uw=",
        "owner": "nixos",
        "repo": "nixpkgs",
        "rev": "74a1793c659d09d7cf738005308b1f86c90cb59b",
        "type": "github"
      },
      "original": {
        "owner": "nixos",
        "ref": "nixos-unstable",
        "repo": "nixpkgs",
        "type": "github"
      }
    },
    "nur": {
      "locked": {
        "lastModified": 1662834336,
        "narHash": "sha256-GzUnijmmG37Fa1t1ygmRE1ZxthgVRj+HA/3upIZMdGw=",
        "owner": "nix-community",
        "repo": "NUR",
        "rev": "9eb35b9992286b4c7a134b1d7fc19f9222fc8506",
        "type": "github"
      },
      "original": {
        "owner": "nix-community",
        "repo": "NUR",
        "type": "github"
      }
    },
    "root": {
      "inputs": {
        "dotfiles": "dotfiles",
        "hardware": "hardware",
        "home-manager": "home-manager",
        "impermanence": "impermanence",
        "nix-index": "nix-index",
        "nixpkgs": "nixpkgs",
        "nur": "nur",
        "wallpapers": "wallpapers"
      }
    },
    "utils": {
      "locked": {
        "lastModified": 1653893745,
        "narHash": "sha256-0jntwV3Z8//YwuOjzhV2sgJJPt+HY6KhU7VZUL0fKZQ=",
        "owner": "numtide",
        "repo": "flake-utils",
        "rev": "1ed9fb1935d260de5fe1c2f7ee0ebaae17ed2fa1",
        "type": "github"
      },
      "original": {
        "owner": "numtide",
        "repo": "flake-utils",
        "type": "github"
      }
    },
    "wallpapers": {
      "flake": false,
      "locked": {
        "lastModified": 1602330464,
        "narHash": "sha256-YKpIno5QSJM/GGp5DwQeuhKmTU5S96+IhLr0O0V8PDI=",
        "owner": "Baitinq",
        "repo": "Wallpapers",
        "rev": "291f9a4cf78a6ad862da151139ea026ea72968e5",
        "type": "github"
      },
      "original": {
        "owner": "Baitinq",
        "repo": "Wallpapers",
        "type": "github"
      }
    }
  },
  "root": "root",
  "version": 7
}
