{
  "nodes": {
    "home-manager": {
      "inputs": {
        "nixpkgs": [
          "nixpkgs"
        ],
        "utils": "utils"
      },
      "locked": {
        "lastModified": 1658238241,
        "narHash": "sha256-naoSta79MYYRtVnIZhzq+YWgTOBhWE1Sr1AIhG7ZA9g=",
        "owner": "nix-community",
        "repo": "home-manager",
        "rev": "70d5929885ccec8dde8585894dd3ebe606e75f41",
        "type": "github"
      },
      "original": {
        "owner": "nix-community",
        "ref": "master",
        "repo": "home-manager",
        "type": "github"
      }
    },
    "nix-index": {
      "locked": {
        "lastModified": 1658030503,
        "narHash": "sha256-cocQkojph3Vwdor44JRJgAgw1KtoWEjVreOSbsg5iKc=",
        "owner": "Mic92",
        "repo": "nix-index-database",
        "rev": "e9ee036bd75d736aaf909c2d9cc82f389e7bfa11",
        "type": "github"
      },
      "original": {
        "owner": "Mic92",
        "repo": "nix-index-database",
        "type": "github"
      }
    },
    "nixpkgs": {
      "locked": {
        "lastModified": 1658380158,
        "narHash": "sha256-DBunkegKWlxPZiOcw3/SNIFg93amkdGIy2g0y/jDpHg=",
        "owner": "nixos",
        "repo": "nixpkgs",
        "rev": "a65b5b3f5504b8b89c196aba733bdf2b0bd13c16",
        "type": "github"
      },
      "original": {
        "owner": "nixos",
        "ref": "nixos-unstable",
        "repo": "nixpkgs",
        "type": "github"
      }
    },
    "nur": {
      "locked": {
        "lastModified": 1658555290,
        "narHash": "sha256-kyUsc/5aMEn9pylJFEH51Dz3MDexZkjvjLyJPL6cF/A=",
        "owner": "nix-community",
        "repo": "NUR",
        "rev": "4b1fcb3610a65ea7e64398bc4e20069800071e4a",
        "type": "github"
      },
      "original": {
        "owner": "nix-community",
        "repo": "NUR",
        "type": "github"
      }
    },
    "root": {
      "inputs": {
        "home-manager": "home-manager",
        "nix-index": "nix-index",
        "nixpkgs": "nixpkgs",
        "nur": "nur"
      }
    },
    "utils": {
      "locked": {
        "lastModified": 1653893745,
        "narHash": "sha256-0jntwV3Z8//YwuOjzhV2sgJJPt+HY6KhU7VZUL0fKZQ=",
        "owner": "numtide",
        "repo": "flake-utils",
        "rev": "1ed9fb1935d260de5fe1c2f7ee0ebaae17ed2fa1",
        "type": "github"
      },
      "original": {
        "owner": "numtide",
        "repo": "flake-utils",
        "type": "github"
      }
    }
  },
  "root": "root",
  "version": 7
}
